// !$*UTF8*$!
{
	archiveVersion = 1;
	classes = {
	};
	objectVersion = 46;
	objects = {

/* Begin PBXBuildFile section */
		27C4313B1EF0FF5300900512 /* AppDelegate.swift in Sources */ = {isa = PBXBuildFile; fileRef = 27C4313A1EF0FF5300900512 /* AppDelegate.swift */; };
		27C4313D1EF0FF5300900512 /* ViewController.swift in Sources */ = {isa = PBXBuildFile; fileRef = 27C4313C1EF0FF5300900512 /* ViewController.swift */; };
		27C431401EF0FF5300900512 /* Main.storyboard in Resources */ = {isa = PBXBuildFile; fileRef = 27C4313E1EF0FF5300900512 /* Main.storyboard */; };
		27C431421EF0FF5300900512 /* Assets.xcassets in Resources */ = {isa = PBXBuildFile; fileRef = 27C431411EF0FF5300900512 /* Assets.xcassets */; };
		27C431451EF0FF5300900512 /* LaunchScreen.storyboard in Resources */ = {isa = PBXBuildFile; fileRef = 27C431431EF0FF5300900512 /* LaunchScreen.storyboard */; };
		27C431501EF0FF5300900512 /* FoodTrackerTests.swift in Sources */ = {isa = PBXBuildFile; fileRef = 27C4314F1EF0FF5300900512 /* FoodTrackerTests.swift */; };
		27C4315B1EF0FF5300900512 /* FoodTrackerUITests.swift in Sources */ = {isa = PBXBuildFile; fileRef = 27C4315A1EF0FF5300900512 /* FoodTrackerUITests.swift */; };
/* End PBXBuildFile section */

/* Begin PBXContainerItemProxy section */
		27C4314C1EF0FF5300900512 /* PBXContainerItemProxy */ = {
			isa = PBXContainerItemProxy;
			containerPortal = 27C4312F1EF0FF5300900512 /* Project object */;
			proxyType = 1;
			remoteGlobalIDString = 27C431361EF0FF5300900512;
			remoteInfo = FoodTracker;
		};
		27C431571EF0FF5300900512 /* PBXContainerItemProxy */ = {
			isa = PBXContainerItemProxy;
			containerPortal = 27C4312F1EF0FF5300900512 /* Project object */;
			proxyType = 1;
			remoteGlobalIDString = 27C431361EF0FF5300900512;
			remoteInfo = FoodTracker;
		};
/* End PBXContainerItemProxy section */

/* Begin PBXFileReference section */
		27C431371EF0FF5300900512 /* FoodTracker.app */ = {isa = PBXFileReference; explicitFileType = wrapper.application; includeInIndex = 0; path = FoodTracker.app; sourceTree = BUILT_PRODUCTS_DIR; };
		27C4313A1EF0FF5300900512 /* AppDelegate.swift */ = {isa = PBXFileReference; lastKnownFileType = sourcecode.swift; path = AppDelegate.swift; sourceTree = "<group>"; };
		27C4313C1EF0FF5300900512 /* ViewController.swift */ = {isa = PBXFileReference; lastKnownFileType = sourcecode.swift; path = ViewController.swift; sourceTree = "<group>"; };
		27C4313F1EF0FF5300900512 /* Base */ = {isa = PBXFileReference; lastKnownFileType = file.storyboard; name = Base; path = Base.lproj/Main.storyboard; sourceTree = "<group>"; };
		27C431411EF0FF5300900512 /* Assets.xcassets */ = {isa = PBXFileReference; lastKnownFileType = folder.assetcatalog; path = Assets.xcassets; sourceTree = "<group>"; };
		27C431441EF0FF5300900512 /* Base */ = {isa = PBXFileReference; lastKnownFileType = file.storyboard; name = Base; path = Base.lproj/LaunchScreen.storyboard; sourceTree = "<group>"; };
		27C431461EF0FF5300900512 /* Info.plist */ = {isa = PBXFileReference; lastKnownFileType = text.plist.xml; path = Info.plist; sourceTree = "<group>"; };
		27C4314B1EF0FF5300900512 /* FoodTrackerTests.xctest */ = {isa = PBXFileReference; explicitFileType = wrapper.cfbundle; includeInIndex = 0; path = FoodTrackerTests.xctest; sourceTree = BUILT_PRODUCTS_DIR; };
		27C4314F1EF0FF5300900512 /* FoodTrackerTests.swift */ = {isa = PBXFileReference; lastKnownFileType = sourcecode.swift; path = FoodTrackerTests.swift; sourceTree = "<group>"; };
		27C431511EF0FF5300900512 /* Info.plist */ = {isa = PBXFileReference; lastKnownFileType = text.plist.xml; path = Info.plist; sourceTree = "<group>"; };
		27C431561EF0FF5300900512 /* FoodTrackerUITests.xctest */ = {isa = PBXFileReference; explicitFileType = wrapper.cfbundle; includeInIndex = 0; path = FoodTrackerUITests.xctest; sourceTree = BUILT_PRODUCTS_DIR; };
		27C4315A1EF0FF5300900512 /* FoodTrackerUITests.swift */ = {isa = PBXFileReference; lastKnownFileType = sourcecode.swift; path = FoodTrackerUITests.swift; sourceTree = "<group>"; };
		27C4315C1EF0FF5300900512 /* Info.plist */ = {isa = PBXFileReference; lastKnownFileType = text.plist.xml; path = Info.plist; sourceTree = "<group>"; };
/* End PBXFileReference section */

/* Begin PBXFrameworksBuildPhase section */
		27C431341EF0FF5300900512 /* Frameworks */ = {
			isa = PBXFrameworksBuildPhase;
			buildActionMask = 2147483647;
			files = (
			);
			runOnlyForDeploymentPostprocessing = 0;
		};
		27C431481EF0FF5300900512 /* Frameworks */ = {
			isa = PBXFrameworksBuildPhase;
			buildActionMask = 2147483647;
			files = (
			);
			runOnlyForDeploymentPostprocessing = 0;
		};
		27C431531EF0FF5300900512 /* Frameworks */ = {
			isa = PBXFrameworksBuildPhase;
			buildActionMask = 2147483647;
			files = (
			);
			runOnlyForDeploymentPostprocessing = 0;
		};
/* End PBXFrameworksBuildPhase section */

/* Begin PBXGroup section */
		27C4312E1EF0FF5300900512 = {
			isa = PBXGroup;
			children = (
				27C431391EF0FF5300900512 /* FoodTracker */,
				27C4314E1EF0FF5300900512 /* FoodTrackerTests */,
				27C431591EF0FF5300900512 /* FoodTrackerUITests */,
				27C431381EF0FF5300900512 /* Products */,
			);
			sourceTree = "<group>";
		};
		27C431381EF0FF5300900512 /* Products */ = {
			isa = PBXGroup;
			children = (
				27C431371EF0FF5300900512 /* FoodTracker.app */,
				27C4314B1EF0FF5300900512 /* FoodTrackerTests.xctest */,
				27C431561EF0FF5300900512 /* FoodTrackerUITests.xctest */,
			);
			name = Products;
			sourceTree = "<group>";
		};
		27C431391EF0FF5300900512 /* FoodTracker */ = {
			isa = PBXGroup;
			children = (
				27C4313A1EF0FF5300900512 /* AppDelegate.swift */,
				27C4313C1EF0FF5300900512 /* ViewController.swift */,
				27C4313E1EF0FF5300900512 /* Main.storyboard */,
				27C431411EF0FF5300900512 /* Assets.xcassets */,
				27C431431EF0FF5300900512 /* LaunchScreen.storyboard */,
				27C431461EF0FF5300900512 /* Info.plist */,
			);
			path = FoodTracker;
			sourceTree = "<group>";
		};
		27C4314E1EF0FF5300900512 /* FoodTrackerTests */ = {
			isa = PBXGroup;
			children = (
				27C4314F1EF0FF5300900512 /* FoodTrackerTests.swift */,
				27C431511EF0FF5300900512 /* Info.plist */,
			);
			path = FoodTrackerTests;
			sourceTree = "<group>";
		};
		27C431591EF0FF5300900512 /* FoodTrackerUITests */ = {
			isa = PBXGroup;
			children = (
				27C4315A1EF0FF5300900512 /* FoodTrackerUITests.swift */,
				27C4315C1EF0FF5300900512 /* Info.plist */,
			);
			path = FoodTrackerUITests;
			sourceTree = "<group>";
		};
/* End PBXGroup section */

/* Begin PBXNativeTarget section */
		27C431361EF0FF5300900512 /* FoodTracker */ = {
			isa = PBXNativeTarget;
			buildConfigurationList = 27C4315F1EF0FF5300900512 /* Build configuration list for PBXNativeTarget "FoodTracker" */;
			buildPhases = (
				27C431331EF0FF5300900512 /* Sources */,
				27C431341EF0FF5300900512 /* Frameworks */,
				27C431351EF0FF5300900512 /* Resources */,
			);
			buildRules = (
			);
			dependencies = (
			);
			name = FoodTracker;
			productName = FoodTracker;
			productReference = 27C431371EF0FF5300900512 /* FoodTracker.app */;
			productType = "com.apple.product-type.application";
		};
		27C4314A1EF0FF5300900512 /* FoodTrackerTests */ = {
			isa = PBXNativeTarget;
			buildConfigurationList = 27C431621EF0FF5300900512 /* Build configuration list for PBXNativeTarget "FoodTrackerTests" */;
			buildPhases = (
				27C431471EF0FF5300900512 /* Sources */,
				27C431481EF0FF5300900512 /* Frameworks */,
				27C431491EF0FF5300900512 /* Resources */,
			);
			buildRules = (
			);
			dependencies = (
				27C4314D1EF0FF5300900512 /* PBXTargetDependency */,
			);
			name = FoodTrackerTests;
			productName = FoodTrackerTests;
			productReference = 27C4314B1EF0FF5300900512 /* FoodTrackerTests.xctest */;
			productType = "com.apple.product-type.bundle.unit-test";
		};
		27C431551EF0FF5300900512 /* FoodTrackerUITests */ = {
			isa = PBXNativeTarget;
			buildConfigurationList = 27C431651EF0FF5300900512 /* Build configuration list for PBXNativeTarget "FoodTrackerUITests" */;
			buildPhases = (
				27C431521EF0FF5300900512 /* Sources */,
				27C431531EF0FF5300900512 /* Frameworks */,
				27C431541EF0FF5300900512 /* Resources */,
			);
			buildRules = (
			);
			dependencies = (
				27C431581EF0FF5300900512 /* PBXTargetDependency */,
			);
			name = FoodTrackerUITests;
			productName = FoodTrackerUITests;
			productReference = 27C431561EF0FF5300900512 /* FoodTrackerUITests.xctest */;
			productType = "com.apple.product-type.bundle.ui-testing";
		};
/* End PBXNativeTarget section */

/* Begin PBXProject section */
		27C4312F1EF0FF5300900512 /* Project object */ = {
			isa = PBXProject;
			attributes = {
				LastSwiftUpdateCheck = 0830;
				LastUpgradeCheck = 0830;
				ORGANIZATIONNAME = "Mike Monson";
				TargetAttributes = {
					27C431361EF0FF5300900512 = {
						CreatedOnToolsVersion = 8.3.3;
						ProvisioningStyle = Automatic;
					};
					27C4314A1EF0FF5300900512 = {
						CreatedOnToolsVersion = 8.3.3;
						ProvisioningStyle = Automatic;
						TestTargetID = 27C431361EF0FF5300900512;
					};
					27C431551EF0FF5300900512 = {
						CreatedOnToolsVersion = 8.3.3;
						ProvisioningStyle = Automatic;
						TestTargetID = 27C431361EF0FF5300900512;
					};
				};
			};
			buildConfigurationList = 27C431321EF0FF5300900512 /* Build configuration list for PBXProject "FoodTracker" */;
			compatibilityVersion = "Xcode 3.2";
			developmentRegion = English;
			hasScannedForEncodings = 0;
			knownRegions = (
				en,
				Base,
			);
			mainGroup = 27C4312E1EF0FF5300900512;
			productRefGroup = 27C431381EF0FF5300900512 /* Products */;
			projectDirPath = "";
			projectRoot = "";
			targets = (
				27C431361EF0FF5300900512 /* FoodTracker */,
				27C4314A1EF0FF5300900512 /* FoodTrackerTests */,
				27C431551EF0FF5300900512 /* FoodTrackerUITests */,
			);
		};
/* End PBXProject section */

/* Begin PBXResourcesBuildPhase section */
		27C431351EF0FF5300900512 /* Resources */ = {
			isa = PBXResourcesBuildPhase;
			buildActionMask = 2147483647;
			files = (
				27C431451EF0FF5300900512 /* LaunchScreen.storyboard in Resources */,
				27C431421EF0FF5300900512 /* Assets.xcassets in Resources */,
				27C431401EF0FF5300900512 /* Main.storyboard in Resources */,
			);
			runOnlyForDeploymentPostprocessing = 0;
		};
		27C431491EF0FF5300900512 /* Resources */ = {
			isa = PBXResourcesBuildPhase;
			buildActionMask = 2147483647;
			files = (
			);
			runOnlyForDeploymentPostprocessing = 0;
		};
		27C431541EF0FF5300900512 /* Resources */ = {
			isa = PBXResourcesBuildPhase;
			buildActionMask = 2147483647;
			files = (
			);
			runOnlyForDeploymentPostprocessing = 0;
		};
/* End PBXResourcesBuildPhase section */

/* Begin PBXSourcesBuildPhase section */
		27C431331EF0FF5300900512 /* Sources */ = {
			isa = PBXSourcesBuildPhase;
			buildActionMask = 2147483647;
			files = (
				27C4313D1EF0FF5300900512 /* ViewController.swift in Sources */,
				27C4313B1EF0FF5300900512 /* AppDelegate.swift in Sources */,
			);
			runOnlyForDeploymentPostprocessing = 0;
		};
		27C431471EF0FF5300900512 /* Sources */ = {
			isa = PBXSourcesBuildPhase;
			buildActionMask = 2147483647;
			files = (
				27C431501EF0FF5300900512 /* FoodTrackerTests.swift in Sources */,
			);
			runOnlyForDeploymentPostprocessing = 0;
		};
		27C431521EF0FF5300900512 /* Sources */ = {
			isa = PBXSourcesBuildPhase;
			buildActionMask = 2147483647;
			files = (
				27C4315B1EF0FF5300900512 /* FoodTrackerUITests.swift in Sources */,
			);
			runOnlyForDeploymentPostprocessing = 0;
		};
/* End PBXSourcesBuildPhase section */

/* Begin PBXTargetDependency section */
		27C4314D1EF0FF5300900512 /* PBXTargetDependency */ = {
			isa = PBXTargetDependency;
			target = 27C431361EF0FF5300900512 /* FoodTracker */;
			targetProxy = 27C4314C1EF0FF5300900512 /* PBXContainerItemProxy */;
		};
		27C431581EF0FF5300900512 /* PBXTargetDependency */ = {
			isa = PBXTargetDependency;
			target = 27C431361EF0FF5300900512 /* FoodTracker */;
			targetProxy = 27C431571EF0FF5300900512 /* PBXContainerItemProxy */;
		};
/* End PBXTargetDependency section */

/* Begin PBXVariantGroup section */
		27C4313E1EF0FF5300900512 /* Main.storyboard */ = {
			isa = PBXVariantGroup;
			children = (
				27C4313F1EF0FF5300900512 /* Base */,
			);
			name = Main.storyboard;
			sourceTree = "<group>";
		};
		27C431431EF0FF5300900512 /* LaunchScreen.storyboard */ = {
			isa = PBXVariantGroup;
			children = (
				27C431441EF0FF5300900512 /* Base */,
			);
			name = LaunchScreen.storyboard;
			sourceTree = "<group>";
		};
/* End PBXVariantGroup section */

/* Begin XCBuildConfiguration section */
		27C4315D1EF0FF5300900512 /* Debug */ = {
			isa = XCBuildConfiguration;
			buildSettings = {
				ALWAYS_SEARCH_USER_PATHS = NO;
				CLANG_ANALYZER_NONNULL = YES;
				CLANG_ANALYZER_NUMBER_OBJECT_CONVERSION = YES_AGGRESSIVE;
				CLANG_CXX_LANGUAGE_STANDARD = "gnu++0x";
				CLANG_CXX_LIBRARY = "libc++";
				CLANG_ENABLE_MODULES = YES;
				CLANG_ENABLE_OBJC_ARC = YES;
				CLANG_WARN_BOOL_CONVERSION = YES;
				CLANG_WARN_CONSTANT_CONVERSION = YES;
				CLANG_WARN_DIRECT_OBJC_ISA_USAGE = YES_ERROR;
				CLANG_WARN_DOCUMENTATION_COMMENTS = YES;
				CLANG_WARN_EMPTY_BODY = YES;
				CLANG_WARN_ENUM_CONVERSION = YES;
				CLANG_WARN_INFINITE_RECURSION = YES;
				CLANG_WARN_INT_CONVERSION = YES;
				CLANG_WARN_OBJC_ROOT_CLASS = YES_ERROR;
				CLANG_WARN_SUSPICIOUS_MOVE = YES;
				CLANG_WARN_UNREACHABLE_CODE = YES;
				CLANG_WARN__DUPLICATE_METHOD_MATCH = YES;
				"CODE_SIGN_IDENTITY[sdk=iphoneos*]" = "iPhone Developer";
				COPY_PHASE_STRIP = NO;
				DEBUG_INFORMATION_FORMAT = dwarf;
				ENABLE_STRICT_OBJC_MSGSEND = YES;
				ENABLE_TESTABILITY = YES;
				GCC_C_LANGUAGE_STANDARD = gnu99;
				GCC_DYNAMIC_NO_PIC = NO;
				GCC_NO_COMMON_BLOCKS = YES;
				GCC_OPTIMIZATION_LEVEL = 0;
				GCC_PREPROCESSOR_DEFINITIONS = (
					"DEBUG=1",
					"$(inherited)",
				);
				GCC_WARN_64_TO_32_BIT_CONVERSION = YES;
				GCC_WARN_ABOUT_RETURN_TYPE = YES_ERROR;
				GCC_WARN_UNDECLARED_SELECTOR = YES;
				GCC_WARN_UNINITIALIZED_AUTOS = YES_AGGRESSIVE;
				GCC_WARN_UNUSED_FUNCTION = YES;
				GCC_WARN_UNUSED_VARIABLE = YES;
				IPHONEOS_DEPLOYMENT_TARGET = 10.3;
				MTL_ENABLE_DEBUG_INFO = YES;
				ONLY_ACTIVE_ARCH = YES;
				SDKROOT = iphoneos;
				SWIFT_ACTIVE_COMPILATION_CONDITIONS = DEBUG;
				SWIFT_OPTIMIZATION_LEVEL = "-Onone";
				TARGETED_DEVICE_FAMILY = "1,2";
			};
			name = Debug;
		};
		27C4315E1EF0FF5300900512 /* Release */ = {
			isa = XCBuildConfiguration;
			buildSettings = {
				ALWAYS_SEARCH_USER_PATHS = NO;
				CLANG_ANALYZER_NONNULL = YES;
				CLANG_ANALYZER_NUMBER_OBJECT_CONVERSION = YES_AGGRESSIVE;
				CLANG_CXX_LANGUAGE_STANDARD = "gnu++0x";
				CLANG_CXX_LIBRARY = "libc++";
				CLANG_ENABLE_MODULES = YES;
				CLANG_ENABLE_OBJC_ARC = YES;
				CLANG_WARN_BOOL_CONVERSION = YES;
				CLANG_WARN_CONSTANT_CONVERSION = YES;
				CLANG_WARN_DIRECT_OBJC_ISA_USAGE = YES_ERROR;
				CLANG_WARN_DOCUMENTATION_COMMENTS = YES;
				CLANG_WARN_EMPTY_BODY = YES;
				CLANG_WARN_ENUM_CONVERSION = YES;
				CLANG_WARN_INFINITE_RECURSION = YES;
				CLANG_WARN_INT_CONVERSION = YES;
				CLANG_WARN_OBJC_ROOT_CLASS = YES_ERROR;
				CLANG_WARN_SUSPICIOUS_MOVE = YES;
				CLANG_WARN_UNREACHABLE_CODE = YES;
				CLANG_WARN__DUPLICATE_METHOD_MATCH = YES;
				"CODE_SIGN_IDENTITY[sdk=iphoneos*]" = "iPhone Developer";
				COPY_PHASE_STRIP = NO;
				DEBUG_INFORMATION_FORMAT = "dwarf-with-dsym";
				ENABLE_NS_ASSERTIONS = NO;
				ENABLE_STRICT_OBJC_MSGSEND = YES;
				GCC_C_LANGUAGE_STANDARD = gnu99;
				GCC_NO_COMMON_BLOCKS = YES;
				GCC_WARN_64_TO_32_BIT_CONVERSION = YES;
				GCC_WARN_ABOUT_RETURN_TYPE = YES_ERROR;
				GCC_WARN_UNDECLARED_SELECTOR = YES;
				GCC_WARN_UNINITIALIZED_AUTOS = YES_AGGRESSIVE;
				GCC_WARN_UNUSED_FUNCTION = YES;
				GCC_WARN_UNUSED_VARIABLE = YES;
				IPHONEOS_DEPLOYMENT_TARGET = 10.3;
				MTL_ENABLE_DEBUG_INFO = NO;
				SDKROOT = iphoneos;
				SWIFT_OPTIMIZATION_LEVEL = "-Owholemodule";
				TARGETED_DEVICE_FAMILY = "1,2";
				VALIDATE_PRODUCT = YES;
			};
			name = Release;
		};
		27C431601EF0FF5300900512 /* Debug */ = {
			isa = XCBuildConfiguration;
			buildSettings = {
				ASSETCATALOG_COMPILER_APPICON_NAME = AppIcon;
				INFOPLIST_FILE = FoodTracker/Info.plist;
				LD_RUNPATH_SEARCH_PATHS = "$(inherited) @executable_path/Frameworks";
				PRODUCT_BUNDLE_IDENTIFIER = "Monson-Industries.FoodTracker";
				PRODUCT_NAME = "$(TARGET_NAME)";
				SWIFT_VERSION = 3.0;
			};
			name = Debug;
		};
		27C431611EF0FF5300900512 /* Release */ = {
			isa = XCBuildConfiguration;
			buildSettings = {
				ASSETCATALOG_COMPILER_APPICON_NAME = AppIcon;
				INFOPLIST_FILE = FoodTracker/Info.plist;
				LD_RUNPATH_SEARCH_PATHS = "$(inherited) @executable_path/Frameworks";
				PRODUCT_BUNDLE_IDENTIFIER = "Monson-Industries.FoodTracker";
				PRODUCT_NAME = "$(TARGET_NAME)";
				SWIFT_VERSION = 3.0;
			};
			name = Release;
		};
		27C431631EF0FF5300900512 /* Debug */ = {
			isa = XCBuildConfiguration;
			buildSettings = {
				ALWAYS_EMBED_SWIFT_STANDARD_LIBRARIES = YES;
				BUNDLE_LOADER = "$(TEST_HOST)";
				INFOPLIST_FILE = FoodTrackerTests/Info.plist;
				LD_RUNPATH_SEARCH_PATHS = "$(inherited) @executable_path/Frameworks @loader_path/Frameworks";
				PRODUCT_BUNDLE_IDENTIFIER = "Monson-Industries.FoodTrackerTests";
				PRODUCT_NAME = "$(TARGET_NAME)";
				SWIFT_VERSION = 3.0;
				TEST_HOST = "$(BUILT_PRODUCTS_DIR)/FoodTracker.app/FoodTracker";
			};
			name = Debug;
		};
		27C431641EF0FF5300900512 /* Release */ = {
			isa = XCBuildConfiguration;
			buildSettings = {
				ALWAYS_EMBED_SWIFT_STANDARD_LIBRARIES = YES;
				BUNDLE_LOADER = "$(TEST_HOST)";
				INFOPLIST_FILE = FoodTrackerTests/Info.plist;
				LD_RUNPATH_SEARCH_PATHS = "$(inherited) @executable_path/Frameworks @loader_path/Frameworks";
				PRODUCT_BUNDLE_IDENTIFIER = "Monson-Industries.FoodTrackerTests";
				PRODUCT_NAME = "$(TARGET_NAME)";
				SWIFT_VERSION = 3.0;
				TEST_HOST = "$(BUILT_PRODUCTS_DIR)/FoodTracker.app/FoodTracker";
			};
			name = Release;
		};
		27C431661EF0FF5300900512 /* Debug */ = {
			isa = XCBuildConfiguration;
			buildSettings = {
				ALWAYS_EMBED_SWIFT_STANDARD_LIBRARIES = YES;
				INFOPLIST_FILE = FoodTrackerUITests/Info.plist;
				LD_RUNPATH_SEARCH_PATHS = "$(inherited) @executable_path/Frameworks @loader_path/Frameworks";
				PRODUCT_BUNDLE_IDENTIFIER = "Monson-Industries.FoodTrackerUITests";
				PRODUCT_NAME = "$(TARGET_NAME)";
				SWIFT_VERSION = 3.0;
				TEST_TARGET_NAME = FoodTracker;
			};
			name = Debug;
		};
		27C431671EF0FF5300900512 /* Release */ = {
			isa = XCBuildConfiguration;
			buildSettings = {
				ALWAYS_EMBED_SWIFT_STANDARD_LIBRARIES = YES;
				INFOPLIST_FILE = FoodTrackerUITests/Info.plist;
				LD_RUNPATH_SEARCH_PATHS = "$(inherited) @executable_path/Frameworks @loader_path/Frameworks";
				PRODUCT_BUNDLE_IDENTIFIER = "Monson-Industries.FoodTrackerUITests";
				PRODUCT_NAME = "$(TARGET_NAME)";
				SWIFT_VERSION = 3.0;
				TEST_TARGET_NAME = FoodTracker;
			};
			name = Release;
		};
/* End XCBuildConfiguration section */

/* Begin XCConfigurationList section */
		27C431321EF0FF5300900512 /* Build configuration list for PBXProject "FoodTracker" */ = {
			isa = XCConfigurationList;
			buildConfigurations = (
				27C4315D1EF0FF5300900512 /* Debug */,
				27C4315E1EF0FF5300900512 /* Release */,
			);
			defaultConfigurationIsVisible = 0;
			defaultConfigurationName = Release;
		};
		27C4315F1EF0FF5300900512 /* Build configuration list for PBXNativeTarget "FoodTracker" */ = {
			isa = XCConfigurationList;
			buildConfigurations = (
				27C431601EF0FF5300900512 /* Debug */,
				27C431611EF0FF5300900512 /* Release */,
			);
			defaultConfigurationIsVisible = 0;
		};
		27C431621EF0FF5300900512 /* Build configuration list for PBXNativeTarget "FoodTrackerTests" */ = {
			isa = XCConfigurationList;
			buildConfigurations = (
				27C431631EF0FF5300900512 /* Debug */,
				27C431641EF0FF5300900512 /* Release */,
			);
			defaultConfigurationIsVisible = 0;
		};
		27C431651EF0FF5300900512 /* Build configuration list for PBXNativeTarget "FoodTrackerUITests" */ = {
			isa = XCConfigurationList;
			buildConfigurations = (
				27C431661EF0FF5300900512 /* Debug */,
				27C431671EF0FF5300900512 /* Release */,
			);
			defaultConfigurationIsVisible = 0;
		};
/* End XCConfigurationList section */
	};
	rootObject = 27C4312F1EF0FF5300900512 /* Project object */;
}
